
Microsoft Visual Studio Solution File, Format Version 12.00
# Visual Studio Version 17
VisualStudioVersion = 17.14.36401.2 d17.14
MinimumVisualStudioVersion = 10.0.40219.1
Project("{FAE04EC0-301F-11D3-BF4B-00C04F79EFBC}") = "ECommerceAPI", "ECommerceAPI\ECommerceAPI.csproj", "{A6C79863-9F37-4360-9D5B-8DCB97330DD3}"
EndProject
Global
	GlobalSection(SolutionConfigurationPlatforms) = preSolution
		Debug|Any CPU = Debug|Any CPU
		Release|Any CPU = Release|Any CPU
	EndGlobalSection
	GlobalSection(ProjectConfigurationPlatforms) = postSolution
		{A6C79863-9F37-4360-9D5B-8DCB97330DD3}.Debug|Any CPU.ActiveCfg = Debug|Any CPU
		{A6C79863-9F37-4360-9D5B-8DCB97330DD3}.Debug|Any CPU.Build.0 = Debug|Any CPU
		{A6C79863-9F37-4360-9D5B-8DCB97330DD3}.Release|Any CPU.ActiveCfg = Release|Any CPU
		{A6C79863-9F37-4360-9D5B-8DCB97330DD3}.Release|Any CPU.Build.0 = Release|Any CPU
	EndGlobalSection
	GlobalSection(SolutionProperties) = preSolution
		HideSolutionNode = FALSE
	EndGlobalSection
	GlobalSection(ExtensibilityGlobals) = postSolution
		SolutionGuid = {3A492FAC-CF71-4324-8EBC-6BDE099F6CC4}
	EndGlobalSection
EndGlobal
